// !$*UTF8*$!
{
	archiveVersion = 1;
	classes = {
	};
	objectVersion = 52;
	objects = {

/* Begin PBXBuildFile section */
		1A368CE16AE27D5B134A801E /* Pods_Aachen2021.framework in Frameworks */ = {isa = PBXBuildFile; fileRef = B143A46A3E52162BF286C294 /* Pods_Aachen2021.framework */; };
		70B6DCF7850B6CC0AB8EEC0A /* Pods_Aachen2021Tests.framework in Frameworks */ = {isa = PBXBuildFile; fileRef = 36D4932677A97AC1C3DBB68D /* Pods_Aachen2021Tests.framework */; };
		CC575D3F26C46EE800C4493F /* PromiseKit in Frameworks */ = {isa = PBXBuildFile; productRef = CC575D3E26C46EE800C4493F /* PromiseKit */; };
		CC575D4226C46F7000C4493F /* ContractCompoents.swift in Sources */ = {isa = PBXBuildFile; fileRef = CC575D4126C46F7000C4493F /* ContractCompoents.swift */; };
		CC575D4426C46F7900C4493F /* ProjectContract.swift in Sources */ = {isa = PBXBuildFile; fileRef = CC575D4326C46F7900C4493F /* ProjectContract.swift */; };
		CC575D4626C46F8000C4493F /* Wallet.swift in Sources */ = {isa = PBXBuildFile; fileRef = CC575D4526C46F8000C4493F /* Wallet.swift */; };
		CC575D4826C46F8800C4493F /* Networks.swift in Sources */ = {isa = PBXBuildFile; fileRef = CC575D4726C46F8800C4493F /* Networks.swift */; };
		CC575D4A26C46F9300C4493F /* ContractHelpers.swift in Sources */ = {isa = PBXBuildFile; fileRef = CC575D4926C46F9300C4493F /* ContractHelpers.swift */; };
		CC633E4F264B819F005C7AB8 /* ModelRepository.swift in Sources */ = {isa = PBXBuildFile; fileRef = CC633E4E264B819F005C7AB8 /* ModelRepository.swift */; };
		CC633EC4264ECD69005C7AB8 /* FirebaseView.swift in Sources */ = {isa = PBXBuildFile; fileRef = CC633EC3264ECD69005C7AB8 /* FirebaseView.swift */; };
		CC633EC6264F76F9005C7AB8 /* BlockFierbaseView.swift in Sources */ = {isa = PBXBuildFile; fileRef = CC633EC5264F76F9005C7AB8 /* BlockFierbaseView.swift */; };
		CCB833DE267F87E1006E073B /* PopoverView.swift in Sources */ = {isa = PBXBuildFile; fileRef = CCB833DD267F87E1006E073B /* PopoverView.swift */; };
		CCF813452648D26800A6869F /* Aachen2021App.swift in Sources */ = {isa = PBXBuildFile; fileRef = CCF813442648D26800A6869F /* Aachen2021App.swift */; };
		CCF813472648D26800A6869F /* ContentView.swift in Sources */ = {isa = PBXBuildFile; fileRef = CCF813462648D26800A6869F /* ContentView.swift */; };
		CCF813492648D26A00A6869F /* Assets.xcassets in Resources */ = {isa = PBXBuildFile; fileRef = CCF813482648D26A00A6869F /* Assets.xcassets */; };
		CCF8134C2648D26A00A6869F /* Preview Assets.xcassets in Resources */ = {isa = PBXBuildFile; fileRef = CCF8134B2648D26A00A6869F /* Preview Assets.xcassets */; };
		CCF8134E2648D26A00A6869F /* Persistence.swift in Sources */ = {isa = PBXBuildFile; fileRef = CCF8134D2648D26A00A6869F /* Persistence.swift */; };
		CCF813512648D26A00A6869F /* Aachen2021.xcdatamodeld in Sources */ = {isa = PBXBuildFile; fileRef = CCF8134F2648D26A00A6869F /* Aachen2021.xcdatamodeld */; };
		CCF8135C2648D26A00A6869F /* Aachen2021Tests.swift in Sources */ = {isa = PBXBuildFile; fileRef = CCF8135B2648D26A00A6869F /* Aachen2021Tests.swift */; };
		CCF813672648D26A00A6869F /* Aachen2021UITests.swift in Sources */ = {isa = PBXBuildFile; fileRef = CCF813662648D26A00A6869F /* Aachen2021UITests.swift */; };
		CCF813752648D5E300A6869F /* GoogleService-Info.plist in Resources */ = {isa = PBXBuildFile; fileRef = CCF813742648D5E300A6869F /* GoogleService-Info.plist */; };
		CCF813792648D74F00A6869F /* FirebaseFirestoreSwift-Beta in Frameworks */ = {isa = PBXBuildFile; productRef = CCF813782648D74F00A6869F /* FirebaseFirestoreSwift-Beta */; };
		CCF8137B2648D74F00A6869F /* FirebaseStorage in Frameworks */ = {isa = PBXBuildFile; productRef = CCF8137A2648D74F00A6869F /* FirebaseStorage */; };
		CCF8137D2648D74F00A6869F /* FirebaseAuth in Frameworks */ = {isa = PBXBuildFile; productRef = CCF8137C2648D74F00A6869F /* FirebaseAuth */; };
		CCF8137F2648D74F00A6869F /* FirebaseFirestore in Frameworks */ = {isa = PBXBuildFile; productRef = CCF8137E2648D74F00A6869F /* FirebaseFirestore */; };
		CCF813812648D74F00A6869F /* FirebaseStorageSwift-Beta in Frameworks */ = {isa = PBXBuildFile; productRef = CCF813802648D74F00A6869F /* FirebaseStorageSwift-Beta */; };
		CCF813862648E12100A6869F /* Blocks.swift in Sources */ = {isa = PBXBuildFile; fileRef = CCF813852648E12100A6869F /* Blocks.swift */; };
		CCF813882648E18500A6869F /* CryptoCode.swift in Sources */ = {isa = PBXBuildFile; fileRef = CCF813872648E18500A6869F /* CryptoCode.swift */; };
		CCF8138A2648E1E100A6869F /* ImagePicker.swift in Sources */ = {isa = PBXBuildFile; fileRef = CCF813892648E1E100A6869F /* ImagePicker.swift */; };
		CCF8138C2648E23200A6869F /* StartView.swift in Sources */ = {isa = PBXBuildFile; fileRef = CCF8138B2648E23200A6869F /* StartView.swift */; };
		CCF8138E2648E27E00A6869F /* Adress.swift in Sources */ = {isa = PBXBuildFile; fileRef = CCF8138D2648E27E00A6869F /* Adress.swift */; };
		CCF813902648E2B600A6869F /* FirstProView.swift in Sources */ = {isa = PBXBuildFile; fileRef = CCF8138F2648E2B600A6869F /* FirstProView.swift */; };
		CCF813932648E4AD00A6869F /* ColorSwitch.swift in Sources */ = {isa = PBXBuildFile; fileRef = CCF813922648E4AD00A6869F /* ColorSwitch.swift */; };
		CCF813952648E4D400A6869F /* ColorService.swift in Sources */ = {isa = PBXBuildFile; fileRef = CCF813942648E4D400A6869F /* ColorService.swift */; };
		CCF813972648E54E00A6869F /* BlockView.swift in Sources */ = {isa = PBXBuildFile; fileRef = CCF813962648E54E00A6869F /* BlockView.swift */; };
		CCF813992648E57700A6869F /* PickerButtonView.swift in Sources */ = {isa = PBXBuildFile; fileRef = CCF813982648E57700A6869F /* PickerButtonView.swift */; };
		CCF8139B2648E59700A6869F /* DataView.swift in Sources */ = {isa = PBXBuildFile; fileRef = CCF8139A2648E59700A6869F /* DataView.swift */; };
		CCF8139D2648E5BE00A6869F /* SendView.swift in Sources */ = {isa = PBXBuildFile; fileRef = CCF8139C2648E5BE00A6869F /* SendView.swift */; };
		CCF813A02648E6DA00A6869F /* CryptoData_Array+CoreDataClass.swift in Sources */ = {isa = PBXBuildFile; fileRef = CCF8139E2648E6DA00A6869F /* CryptoData_Array+CoreDataClass.swift */; };
		CCF813A12648E6DA00A6869F /* CryptoData_Array+CoreDataProperties.swift in Sources */ = {isa = PBXBuildFile; fileRef = CCF8139F2648E6DA00A6869F /* CryptoData_Array+CoreDataProperties.swift */; };
		FF89CD13EFD1A30F2E191E2B /* Pods_Aachen2021_Aachen2021UITests.framework in Frameworks */ = {isa = PBXBuildFile; fileRef = DD1D1920B3FDC730BBD42664 /* Pods_Aachen2021_Aachen2021UITests.framework */; };
/* End PBXBuildFile section */

/* Begin PBXContainerItemProxy section */
		CCF813582648D26A00A6869F /* PBXContainerItemProxy */ = {
			isa = PBXContainerItemProxy;
			containerPortal = CCF813392648D26800A6869F /* Project object */;
			proxyType = 1;
			remoteGlobalIDString = CCF813402648D26800A6869F;
			remoteInfo = Aachen2021;
		};
		CCF813632648D26A00A6869F /* PBXContainerItemProxy */ = {
			isa = PBXContainerItemProxy;
			containerPortal = CCF813392648D26800A6869F /* Project object */;
			proxyType = 1;
			remoteGlobalIDString = CCF813402648D26800A6869F;
			remoteInfo = Aachen2021;
		};
/* End PBXContainerItemProxy section */

/* Begin PBXFileReference section */
		0C71303936B534E0B8A54C54 /* Pods-Aachen2021.release.xcconfig */ = {isa = PBXFileReference; includeInIndex = 1; lastKnownFileType = text.xcconfig; name = "Pods-Aachen2021.release.xcconfig"; path = "Target Support Files/Pods-Aachen2021/Pods-Aachen2021.release.xcconfig"; sourceTree = "<group>"; };
		36D4932677A97AC1C3DBB68D /* Pods_Aachen2021Tests.framework */ = {isa = PBXFileReference; explicitFileType = wrapper.framework; includeInIndex = 0; path = Pods_Aachen2021Tests.framework; sourceTree = BUILT_PRODUCTS_DIR; };
		479852380AE9035518617B9B /* Pods-Aachen2021-Aachen2021UITests.release.xcconfig */ = {isa = PBXFileReference; includeInIndex = 1; lastKnownFileType = text.xcconfig; name = "Pods-Aachen2021-Aachen2021UITests.release.xcconfig"; path = "Target Support Files/Pods-Aachen2021-Aachen2021UITests/Pods-Aachen2021-Aachen2021UITests.release.xcconfig"; sourceTree = "<group>"; };
		4F79FD4E273C14AAAEAD53F1 /* Pods-Aachen2021.debug.xcconfig */ = {isa = PBXFileReference; includeInIndex = 1; lastKnownFileType = text.xcconfig; name = "Pods-Aachen2021.debug.xcconfig"; path = "Target Support Files/Pods-Aachen2021/Pods-Aachen2021.debug.xcconfig"; sourceTree = "<group>"; };
		79AAAB0D443124D90CF8F894 /* Pods-Aachen2021-Aachen2021UITests.debug.xcconfig */ = {isa = PBXFileReference; includeInIndex = 1; lastKnownFileType = text.xcconfig; name = "Pods-Aachen2021-Aachen2021UITests.debug.xcconfig"; path = "Target Support Files/Pods-Aachen2021-Aachen2021UITests/Pods-Aachen2021-Aachen2021UITests.debug.xcconfig"; sourceTree = "<group>"; };
		B143A46A3E52162BF286C294 /* Pods_Aachen2021.framework */ = {isa = PBXFileReference; explicitFileType = wrapper.framework; includeInIndex = 0; path = Pods_Aachen2021.framework; sourceTree = BUILT_PRODUCTS_DIR; };
		CA8B78F9899C1836E97E6077 /* Pods-Aachen2021Tests.debug.xcconfig */ = {isa = PBXFileReference; includeInIndex = 1; lastKnownFileType = text.xcconfig; name = "Pods-Aachen2021Tests.debug.xcconfig"; path = "Target Support Files/Pods-Aachen2021Tests/Pods-Aachen2021Tests.debug.xcconfig"; sourceTree = "<group>"; };
		CC575D4126C46F7000C4493F /* ContractCompoents.swift */ = {isa = PBXFileReference; fileEncoding = 4; lastKnownFileType = sourcecode.swift; path = ContractCompoents.swift; sourceTree = "<group>"; };
		CC575D4326C46F7900C4493F /* ProjectContract.swift */ = {isa = PBXFileReference; fileEncoding = 4; lastKnownFileType = sourcecode.swift; path = ProjectContract.swift; sourceTree = "<group>"; };
		CC575D4526C46F8000C4493F /* Wallet.swift */ = {isa = PBXFileReference; fileEncoding = 4; lastKnownFileType = sourcecode.swift; path = Wallet.swift; sourceTree = "<group>"; };
		CC575D4726C46F8800C4493F /* Networks.swift */ = {isa = PBXFileReference; fileEncoding = 4; lastKnownFileType = sourcecode.swift; path = Networks.swift; sourceTree = "<group>"; };
		CC575D4926C46F9300C4493F /* ContractHelpers.swift */ = {isa = PBXFileReference; fileEncoding = 4; lastKnownFileType = sourcecode.swift; path = ContractHelpers.swift; sourceTree = "<group>"; };
		CC633E4E264B819F005C7AB8 /* ModelRepository.swift */ = {isa = PBXFileReference; lastKnownFileType = sourcecode.swift; path = ModelRepository.swift; sourceTree = "<group>"; };
		CC633EC3264ECD69005C7AB8 /* FirebaseView.swift */ = {isa = PBXFileReference; lastKnownFileType = sourcecode.swift; path = FirebaseView.swift; sourceTree = "<group>"; };
		CC633EC5264F76F9005C7AB8 /* BlockFierbaseView.swift */ = {isa = PBXFileReference; lastKnownFileType = sourcecode.swift; path = BlockFierbaseView.swift; sourceTree = "<group>"; };
		CCB833DD267F87E1006E073B /* PopoverView.swift */ = {isa = PBXFileReference; lastKnownFileType = sourcecode.swift; path = PopoverView.swift; sourceTree = "<group>"; };
		CCF813412648D26800A6869F /* Aachen2021.app */ = {isa = PBXFileReference; explicitFileType = wrapper.application; includeInIndex = 0; path = Aachen2021.app; sourceTree = BUILT_PRODUCTS_DIR; };
		CCF813442648D26800A6869F /* Aachen2021App.swift */ = {isa = PBXFileReference; lastKnownFileType = sourcecode.swift; path = Aachen2021App.swift; sourceTree = "<group>"; };
		CCF813462648D26800A6869F /* ContentView.swift */ = {isa = PBXFileReference; lastKnownFileType = sourcecode.swift; path = ContentView.swift; sourceTree = "<group>"; };
		CCF813482648D26A00A6869F /* Assets.xcassets */ = {isa = PBXFileReference; lastKnownFileType = folder.assetcatalog; path = Assets.xcassets; sourceTree = "<group>"; };
		CCF8134B2648D26A00A6869F /* Preview Assets.xcassets */ = {isa = PBXFileReference; lastKnownFileType = folder.assetcatalog; path = "Preview Assets.xcassets"; sourceTree = "<group>"; };
		CCF8134D2648D26A00A6869F /* Persistence.swift */ = {isa = PBXFileReference; lastKnownFileType = sourcecode.swift; path = Persistence.swift; sourceTree = "<group>"; };
		CCF813502648D26A00A6869F /* Aachen2021.xcdatamodel */ = {isa = PBXFileReference; lastKnownFileType = wrapper.xcdatamodel; path = Aachen2021.xcdatamodel; sourceTree = "<group>"; };
		CCF813522648D26A00A6869F /* Info.plist */ = {isa = PBXFileReference; lastKnownFileType = text.plist.xml; path = Info.plist; sourceTree = "<group>"; };
		CCF813572648D26A00A6869F /* Aachen2021Tests.xctest */ = {isa = PBXFileReference; explicitFileType = wrapper.cfbundle; includeInIndex = 0; path = Aachen2021Tests.xctest; sourceTree = BUILT_PRODUCTS_DIR; };
		CCF8135B2648D26A00A6869F /* Aachen2021Tests.swift */ = {isa = PBXFileReference; lastKnownFileType = sourcecode.swift; path = Aachen2021Tests.swift; sourceTree = "<group>"; };
		CCF8135D2648D26A00A6869F /* Info.plist */ = {isa = PBXFileReference; lastKnownFileType = text.plist.xml; path = Info.plist; sourceTree = "<group>"; };
		CCF813622648D26A00A6869F /* Aachen2021UITests.xctest */ = {isa = PBXFileReference; explicitFileType = wrapper.cfbundle; includeInIndex = 0; path = Aachen2021UITests.xctest; sourceTree = BUILT_PRODUCTS_DIR; };
		CCF813662648D26A00A6869F /* Aachen2021UITests.swift */ = {isa = PBXFileReference; lastKnownFileType = sourcecode.swift; path = Aachen2021UITests.swift; sourceTree = "<group>"; };
		CCF813682648D26A00A6869F /* Info.plist */ = {isa = PBXFileReference; lastKnownFileType = text.plist.xml; path = Info.plist; sourceTree = "<group>"; };
		CCF813742648D5E300A6869F /* GoogleService-Info.plist */ = {isa = PBXFileReference; fileEncoding = 4; lastKnownFileType = text.plist.xml; path = "GoogleService-Info.plist"; sourceTree = "<group>"; };
		CCF813762648D65C00A6869F /* Aachen2021.entitlements */ = {isa = PBXFileReference; lastKnownFileType = text.plist.entitlements; path = Aachen2021.entitlements; sourceTree = "<group>"; };
		CCF813852648E12100A6869F /* Blocks.swift */ = {isa = PBXFileReference; lastKnownFileType = sourcecode.swift; path = Blocks.swift; sourceTree = "<group>"; };
		CCF813872648E18500A6869F /* CryptoCode.swift */ = {isa = PBXFileReference; lastKnownFileType = sourcecode.swift; path = CryptoCode.swift; sourceTree = "<group>"; };
		CCF813892648E1E100A6869F /* ImagePicker.swift */ = {isa = PBXFileReference; lastKnownFileType = sourcecode.swift; path = ImagePicker.swift; sourceTree = "<group>"; };
		CCF8138B2648E23200A6869F /* StartView.swift */ = {isa = PBXFileReference; lastKnownFileType = sourcecode.swift; path = StartView.swift; sourceTree = "<group>"; };
		CCF8138D2648E27E00A6869F /* Adress.swift */ = {isa = PBXFileReference; lastKnownFileType = sourcecode.swift; path = Adress.swift; sourceTree = "<group>"; };
		CCF8138F2648E2B600A6869F /* FirstProView.swift */ = {isa = PBXFileReference; lastKnownFileType = sourcecode.swift; path = FirstProView.swift; sourceTree = "<group>"; };
		CCF813922648E4AD00A6869F /* ColorSwitch.swift */ = {isa = PBXFileReference; lastKnownFileType = sourcecode.swift; path = ColorSwitch.swift; sourceTree = "<group>"; };
		CCF813942648E4D400A6869F /* ColorService.swift */ = {isa = PBXFileReference; lastKnownFileType = sourcecode.swift; path = ColorService.swift; sourceTree = "<group>"; };
		CCF813962648E54E00A6869F /* BlockView.swift */ = {isa = PBXFileReference; lastKnownFileType = sourcecode.swift; path = BlockView.swift; sourceTree = "<group>"; };
		CCF813982648E57700A6869F /* PickerButtonView.swift */ = {isa = PBXFileReference; lastKnownFileType = sourcecode.swift; path = PickerButtonView.swift; sourceTree = "<group>"; };
		CCF8139A2648E59700A6869F /* DataView.swift */ = {isa = PBXFileReference; lastKnownFileType = sourcecode.swift; path = DataView.swift; sourceTree = "<group>"; };
		CCF8139C2648E5BE00A6869F /* SendView.swift */ = {isa = PBXFileReference; lastKnownFileType = sourcecode.swift; path = SendView.swift; sourceTree = "<group>"; };
		CCF8139E2648E6DA00A6869F /* CryptoData_Array+CoreDataClass.swift */ = {isa = PBXFileReference; lastKnownFileType = sourcecode.swift; path = "CryptoData_Array+CoreDataClass.swift"; sourceTree = "<group>"; };
		CCF8139F2648E6DA00A6869F /* CryptoData_Array+CoreDataProperties.swift */ = {isa = PBXFileReference; lastKnownFileType = sourcecode.swift; path = "CryptoData_Array+CoreDataProperties.swift"; sourceTree = "<group>"; };
		DD1D1920B3FDC730BBD42664 /* Pods_Aachen2021_Aachen2021UITests.framework */ = {isa = PBXFileReference; explicitFileType = wrapper.framework; includeInIndex = 0; path = Pods_Aachen2021_Aachen2021UITests.framework; sourceTree = BUILT_PRODUCTS_DIR; };
		FD75352A348CD7A944A1B32F /* Pods-Aachen2021Tests.release.xcconfig */ = {isa = PBXFileReference; includeInIndex = 1; lastKnownFileType = text.xcconfig; name = "Pods-Aachen2021Tests.release.xcconfig"; path = "Target Support Files/Pods-Aachen2021Tests/Pods-Aachen2021Tests.release.xcconfig"; sourceTree = "<group>"; };
/* End PBXFileReference section */

/* Begin PBXFrameworksBuildPhase section */
		CCF8133E2648D26800A6869F /* Frameworks */ = {
			isa = PBXFrameworksBuildPhase;
			buildActionMask = 2147483647;
			files = (
				CCF813812648D74F00A6869F /* FirebaseStorageSwift-Beta in Frameworks */,
				CCF813792648D74F00A6869F /* FirebaseFirestoreSwift-Beta in Frameworks */,
				CCF8137F2648D74F00A6869F /* FirebaseFirestore in Frameworks */,
				CCF8137D2648D74F00A6869F /* FirebaseAuth in Frameworks */,
				CCF8137B2648D74F00A6869F /* FirebaseStorage in Frameworks */,
				CC575D3F26C46EE800C4493F /* PromiseKit in Frameworks */,
				1A368CE16AE27D5B134A801E /* Pods_Aachen2021.framework in Frameworks */,
			);
			runOnlyForDeploymentPostprocessing = 0;
		};
		CCF813542648D26A00A6869F /* Frameworks */ = {
			isa = PBXFrameworksBuildPhase;
			buildActionMask = 2147483647;
			files = (
				70B6DCF7850B6CC0AB8EEC0A /* Pods_Aachen2021Tests.framework in Frameworks */,
			);
			runOnlyForDeploymentPostprocessing = 0;
		};
		CCF8135F2648D26A00A6869F /* Frameworks */ = {
			isa = PBXFrameworksBuildPhase;
			buildActionMask = 2147483647;
			files = (
				FF89CD13EFD1A30F2E191E2B /* Pods_Aachen2021_Aachen2021UITests.framework in Frameworks */,
			);
			runOnlyForDeploymentPostprocessing = 0;
		};
/* End PBXFrameworksBuildPhase section */

/* Begin PBXGroup section */
		AC9AB6A946991958D3BEA159 /* Pods */ = {
			isa = PBXGroup;
			children = (
				4F79FD4E273C14AAAEAD53F1 /* Pods-Aachen2021.debug.xcconfig */,
				0C71303936B534E0B8A54C54 /* Pods-Aachen2021.release.xcconfig */,
				79AAAB0D443124D90CF8F894 /* Pods-Aachen2021-Aachen2021UITests.debug.xcconfig */,
				479852380AE9035518617B9B /* Pods-Aachen2021-Aachen2021UITests.release.xcconfig */,
				CA8B78F9899C1836E97E6077 /* Pods-Aachen2021Tests.debug.xcconfig */,
				FD75352A348CD7A944A1B32F /* Pods-Aachen2021Tests.release.xcconfig */,
			);
			path = Pods;
			sourceTree = "<group>";
		};
		CC575D4026C46F3D00C4493F /* Etherium */ = {
			isa = PBXGroup;
			children = (
				CC575D4126C46F7000C4493F /* ContractCompoents.swift */,
				CC575D4326C46F7900C4493F /* ProjectContract.swift */,
				CC575D4526C46F8000C4493F /* Wallet.swift */,
				CC575D4726C46F8800C4493F /* Networks.swift */,
				CC575D4926C46F9300C4493F /* ContractHelpers.swift */,
			);
			path = Etherium;
			sourceTree = "<group>";
		};
		CCF813382648D26800A6869F = {
			isa = PBXGroup;
			children = (
				CCF8139E2648E6DA00A6869F /* CryptoData_Array+CoreDataClass.swift */,
				CCF8139F2648E6DA00A6869F /* CryptoData_Array+CoreDataProperties.swift */,
				CCF813432648D26800A6869F /* Aachen2021 */,
				CCF8135A2648D26A00A6869F /* Aachen2021Tests */,
				CCF813652648D26A00A6869F /* Aachen2021UITests */,
				CCF813422648D26800A6869F /* Products */,
				AC9AB6A946991958D3BEA159 /* Pods */,
				E4C26A549CAD6AEC9F744B23 /* Frameworks */,
			);
			sourceTree = "<group>";
		};
		CCF813422648D26800A6869F /* Products */ = {
			isa = PBXGroup;
			children = (
				CCF813412648D26800A6869F /* Aachen2021.app */,
				CCF813572648D26A00A6869F /* Aachen2021Tests.xctest */,
				CCF813622648D26A00A6869F /* Aachen2021UITests.xctest */,
			);
			name = Products;
			sourceTree = "<group>";
		};
		CCF813432648D26800A6869F /* Aachen2021 */ = {
			isa = PBXGroup;
			children = (
				CCF813762648D65C00A6869F /* Aachen2021.entitlements */,
				CCF813442648D26800A6869F /* Aachen2021App.swift */,
				CCF813462648D26800A6869F /* ContentView.swift */,
				CCF813822648E01500A6869F /* Project */,
				CCF813742648D5E300A6869F /* GoogleService-Info.plist */,
				CCF813482648D26A00A6869F /* Assets.xcassets */,
				CCF8134D2648D26A00A6869F /* Persistence.swift */,
				CCF813522648D26A00A6869F /* Info.plist */,
				CCF8134F2648D26A00A6869F /* Aachen2021.xcdatamodeld */,
				CCF8134A2648D26A00A6869F /* Preview Content */,
			);
			path = Aachen2021;
			sourceTree = "<group>";
		};
		CCF8134A2648D26A00A6869F /* Preview Content */ = {
			isa = PBXGroup;
			children = (
				CCF8134B2648D26A00A6869F /* Preview Assets.xcassets */,
			);
			path = "Preview Content";
			sourceTree = "<group>";
		};
		CCF8135A2648D26A00A6869F /* Aachen2021Tests */ = {
			isa = PBXGroup;
			children = (
				CCF8135B2648D26A00A6869F /* Aachen2021Tests.swift */,
				CCF8135D2648D26A00A6869F /* Info.plist */,
			);
			path = Aachen2021Tests;
			sourceTree = "<group>";
		};
		CCF813652648D26A00A6869F /* Aachen2021UITests */ = {
			isa = PBXGroup;
			children = (
				CCF813662648D26A00A6869F /* Aachen2021UITests.swift */,
				CCF813682648D26A00A6869F /* Info.plist */,
			);
			path = Aachen2021UITests;
			sourceTree = "<group>";
		};
		CCF813822648E01500A6869F /* Project */ = {
			isa = PBXGroup;
			children = (
				CCF813832648E0A100A6869F /* FirstView */,
				CCF813842648E0B200A6869F /* NextView */,
				CC575D4026C46F3D00C4493F /* Etherium */,
				CCF813912648E33700A6869F /* WiFiService */,
			);
			path = Project;
			sourceTree = "<group>";
		};
		CCF813832648E0A100A6869F /* FirstView */ = {
			isa = PBXGroup;
			children = (
				CCF8138F2648E2B600A6869F /* FirstProView.swift */,
				CCF8138D2648E27E00A6869F /* Adress.swift */,
				CCF8138B2648E23200A6869F /* StartView.swift */,
				CCF813852648E12100A6869F /* Blocks.swift */,
				CCF813892648E1E100A6869F /* ImagePicker.swift */,
				CCF813872648E18500A6869F /* CryptoCode.swift */,
				CC633E4E264B819F005C7AB8 /* ModelRepository.swift */,
			);
			path = FirstView;
			sourceTree = "<group>";
		};
		CCF813842648E0B200A6869F /* NextView */ = {
			isa = PBXGroup;
			children = (
				CCF813962648E54E00A6869F /* BlockView.swift */,
				CCB833DD267F87E1006E073B /* PopoverView.swift */,
				CCF813982648E57700A6869F /* PickerButtonView.swift */,
				CCF8139A2648E59700A6869F /* DataView.swift */,
				CC633EC3264ECD69005C7AB8 /* FirebaseView.swift */,
				CC633EC5264F76F9005C7AB8 /* BlockFierbaseView.swift */,
				CCF8139C2648E5BE00A6869F /* SendView.swift */,
			);
			path = NextView;
			sourceTree = "<group>";
		};
		CCF813912648E33700A6869F /* WiFiService */ = {
			isa = PBXGroup;
			children = (
				CCF813942648E4D400A6869F /* ColorService.swift */,
				CCF813922648E4AD00A6869F /* ColorSwitch.swift */,
			);
			path = WiFiService;
			sourceTree = "<group>";
		};
		E4C26A549CAD6AEC9F744B23 /* Frameworks */ = {
			isa = PBXGroup;
			children = (
				B143A46A3E52162BF286C294 /* Pods_Aachen2021.framework */,
				DD1D1920B3FDC730BBD42664 /* Pods_Aachen2021_Aachen2021UITests.framework */,
				36D4932677A97AC1C3DBB68D /* Pods_Aachen2021Tests.framework */,
			);
			name = Frameworks;
			sourceTree = "<group>";
		};
/* End PBXGroup section */

/* Begin PBXNativeTarget section */
		CCF813402648D26800A6869F /* Aachen2021 */ = {
			isa = PBXNativeTarget;
			buildConfigurationList = CCF8136B2648D26A00A6869F /* Build configuration list for PBXNativeTarget "Aachen2021" */;
			buildPhases = (
				E73B3B192C3CB1D7CE207B71 /* [CP] Check Pods Manifest.lock */,
				CCF8133D2648D26800A6869F /* Sources */,
				CCF8133E2648D26800A6869F /* Frameworks */,
				CCF8133F2648D26800A6869F /* Resources */,
				9F77894B4019A6291A94166B /* [CP] Embed Pods Frameworks */,
			);
			buildRules = (
			);
			dependencies = (
			);
			name = Aachen2021;
			packageProductDependencies = (
				CCF813782648D74F00A6869F /* FirebaseFirestoreSwift-Beta */,
				CCF8137A2648D74F00A6869F /* FirebaseStorage */,
				CCF8137C2648D74F00A6869F /* FirebaseAuth */,
				CCF8137E2648D74F00A6869F /* FirebaseFirestore */,
				CCF813802648D74F00A6869F /* FirebaseStorageSwift-Beta */,
				CC575D3E26C46EE800C4493F /* PromiseKit */,
			);
			productName = Aachen2021;
			productReference = CCF813412648D26800A6869F /* Aachen2021.app */;
			productType = "com.apple.product-type.application";
		};
		CCF813562648D26A00A6869F /* Aachen2021Tests */ = {
			isa = PBXNativeTarget;
			buildConfigurationList = CCF8136E2648D26A00A6869F /* Build configuration list for PBXNativeTarget "Aachen2021Tests" */;
			buildPhases = (
				A0F797B7C4B76696D4290FAD /* [CP] Check Pods Manifest.lock */,
				CCF813532648D26A00A6869F /* Sources */,
				CCF813542648D26A00A6869F /* Frameworks */,
				CCF813552648D26A00A6869F /* Resources */,
				510A5F74717887A6FC0EC5F9 /* [CP] Embed Pods Frameworks */,
			);
			buildRules = (
			);
			dependencies = (
				CCF813592648D26A00A6869F /* PBXTargetDependency */,
			);
			name = Aachen2021Tests;
			productName = Aachen2021Tests;
			productReference = CCF813572648D26A00A6869F /* Aachen2021Tests.xctest */;
			productType = "com.apple.product-type.bundle.unit-test";
		};
		CCF813612648D26A00A6869F /* Aachen2021UITests */ = {
			isa = PBXNativeTarget;
			buildConfigurationList = CCF813712648D26A00A6869F /* Build configuration list for PBXNativeTarget "Aachen2021UITests" */;
			buildPhases = (
				63CC6F527B70E01F9964ADDB /* [CP] Check Pods Manifest.lock */,
				CCF8135E2648D26A00A6869F /* Sources */,
				CCF8135F2648D26A00A6869F /* Frameworks */,
				CCF813602648D26A00A6869F /* Resources */,
				1A3324637D40A16D7BF9146B /* [CP] Embed Pods Frameworks */,
			);
			buildRules = (
			);
			dependencies = (
				CCF813642648D26A00A6869F /* PBXTargetDependency */,
			);
			name = Aachen2021UITests;
			productName = Aachen2021UITests;
			productReference = CCF813622648D26A00A6869F /* Aachen2021UITests.xctest */;
			productType = "com.apple.product-type.bundle.ui-testing";
		};
/* End PBXNativeTarget section */

/* Begin PBXProject section */
		CCF813392648D26800A6869F /* Project object */ = {
			isa = PBXProject;
			attributes = {
				LastSwiftUpdateCheck = 1250;
				LastUpgradeCheck = 1250;
				TargetAttributes = {
					CCF813402648D26800A6869F = {
						CreatedOnToolsVersion = 12.5;
					};
					CCF813562648D26A00A6869F = {
						CreatedOnToolsVersion = 12.5;
						TestTargetID = CCF813402648D26800A6869F;
					};
					CCF813612648D26A00A6869F = {
						CreatedOnToolsVersion = 12.5;
						TestTargetID = CCF813402648D26800A6869F;
					};
				};
			};
			buildConfigurationList = CCF8133C2648D26800A6869F /* Build configuration list for PBXProject "Aachen2021" */;
			compatibilityVersion = "Xcode 9.3";
			developmentRegion = en;
			hasScannedForEncodings = 0;
			knownRegions = (
				en,
				Base,
			);
			mainGroup = CCF813382648D26800A6869F;
			packageReferences = (
				CCF813772648D74F00A6869F /* XCRemoteSwiftPackageReference "firebase-ios-sdk" */,
				CC575D3D26C46EE800C4493F /* XCRemoteSwiftPackageReference "PromiseKit" */,
			);
			productRefGroup = CCF813422648D26800A6869F /* Products */;
			projectDirPath = "";
			projectRoot = "";
			targets = (
				CCF813402648D26800A6869F /* Aachen2021 */,
				CCF813562648D26A00A6869F /* Aachen2021Tests */,
				CCF813612648D26A00A6869F /* Aachen2021UITests */,
			);
		};
/* End PBXProject section */

/* Begin PBXResourcesBuildPhase section */
		CCF8133F2648D26800A6869F /* Resources */ = {
			isa = PBXResourcesBuildPhase;
			buildActionMask = 2147483647;
			files = (
				CCF8134C2648D26A00A6869F /* Preview Assets.xcassets in Resources */,
				CCF813752648D5E300A6869F /* GoogleService-Info.plist in Resources */,
				CCF813492648D26A00A6869F /* Assets.xcassets in Resources */,
			);
			runOnlyForDeploymentPostprocessing = 0;
		};
		CCF813552648D26A00A6869F /* Resources */ = {
			isa = PBXResourcesBuildPhase;
			buildActionMask = 2147483647;
			files = (
			);
			runOnlyForDeploymentPostprocessing = 0;
		};
		CCF813602648D26A00A6869F /* Resources */ = {
			isa = PBXResourcesBuildPhase;
			buildActionMask = 2147483647;
			files = (
			);
			runOnlyForDeploymentPostprocessing = 0;
		};
/* End PBXResourcesBuildPhase section */

/* Begin PBXShellScriptBuildPhase section */
		1A3324637D40A16D7BF9146B /* [CP] Embed Pods Frameworks */ = {
			isa = PBXShellScriptBuildPhase;
			buildActionMask = 2147483647;
			files = (
			);
			inputFileListPaths = (
				"${PODS_ROOT}/Target Support Files/Pods-Aachen2021-Aachen2021UITests/Pods-Aachen2021-Aachen2021UITests-frameworks-${CONFIGURATION}-input-files.xcfilelist",
			);
			name = "[CP] Embed Pods Frameworks";
			outputFileListPaths = (
				"${PODS_ROOT}/Target Support Files/Pods-Aachen2021-Aachen2021UITests/Pods-Aachen2021-Aachen2021UITests-frameworks-${CONFIGURATION}-output-files.xcfilelist",
			);
			runOnlyForDeploymentPostprocessing = 0;
			shellPath = /bin/sh;
			shellScript = "\"${PODS_ROOT}/Target Support Files/Pods-Aachen2021-Aachen2021UITests/Pods-Aachen2021-Aachen2021UITests-frameworks.sh\"\n";
			showEnvVarsInLog = 0;
		};
		510A5F74717887A6FC0EC5F9 /* [CP] Embed Pods Frameworks */ = {
			isa = PBXShellScriptBuildPhase;
			buildActionMask = 2147483647;
			files = (
			);
			inputFileListPaths = (
				"${PODS_ROOT}/Target Support Files/Pods-Aachen2021Tests/Pods-Aachen2021Tests-frameworks-${CONFIGURATION}-input-files.xcfilelist",
			);
			name = "[CP] Embed Pods Frameworks";
			outputFileListPaths = (
				"${PODS_ROOT}/Target Support Files/Pods-Aachen2021Tests/Pods-Aachen2021Tests-frameworks-${CONFIGURATION}-output-files.xcfilelist",
			);
			runOnlyForDeploymentPostprocessing = 0;
			shellPath = /bin/sh;
			shellScript = "\"${PODS_ROOT}/Target Support Files/Pods-Aachen2021Tests/Pods-Aachen2021Tests-frameworks.sh\"\n";
			showEnvVarsInLog = 0;
		};
		63CC6F527B70E01F9964ADDB /* [CP] Check Pods Manifest.lock */ = {
			isa = PBXShellScriptBuildPhase;
			buildActionMask = 2147483647;
			files = (
			);
			inputFileListPaths = (
			);
			inputPaths = (
				"${PODS_PODFILE_DIR_PATH}/Podfile.lock",
				"${PODS_ROOT}/Manifest.lock",
			);
			name = "[CP] Check Pods Manifest.lock";
			outputFileListPaths = (
			);
			outputPaths = (
				"$(DERIVED_FILE_DIR)/Pods-Aachen2021-Aachen2021UITests-checkManifestLockResult.txt",
			);
			runOnlyForDeploymentPostprocessing = 0;
			shellPath = /bin/sh;
			shellScript = "diff \"${PODS_PODFILE_DIR_PATH}/Podfile.lock\" \"${PODS_ROOT}/Manifest.lock\" > /dev/null\nif [ $? != 0 ] ; then\n    # print error to STDERR\n    echo \"error: The sandbox is not in sync with the Podfile.lock. Run 'pod install' or update your CocoaPods installation.\" >&2\n    exit 1\nfi\n# This output is used by Xcode 'outputs' to avoid re-running this script phase.\necho \"SUCCESS\" > \"${SCRIPT_OUTPUT_FILE_0}\"\n";
			showEnvVarsInLog = 0;
		};
		9F77894B4019A6291A94166B /* [CP] Embed Pods Frameworks */ = {
			isa = PBXShellScriptBuildPhase;
			buildActionMask = 2147483647;
			files = (
			);
			inputFileListPaths = (
				"${PODS_ROOT}/Target Support Files/Pods-Aachen2021/Pods-Aachen2021-frameworks-${CONFIGURATION}-input-files.xcfilelist",
			);
			name = "[CP] Embed Pods Frameworks";
			outputFileListPaths = (
				"${PODS_ROOT}/Target Support Files/Pods-Aachen2021/Pods-Aachen2021-frameworks-${CONFIGURATION}-output-files.xcfilelist",
			);
			runOnlyForDeploymentPostprocessing = 0;
			shellPath = /bin/sh;
			shellScript = "\"${PODS_ROOT}/Target Support Files/Pods-Aachen2021/Pods-Aachen2021-frameworks.sh\"\n";
			showEnvVarsInLog = 0;
		};
		A0F797B7C4B76696D4290FAD /* [CP] Check Pods Manifest.lock */ = {
			isa = PBXShellScriptBuildPhase;
			buildActionMask = 2147483647;
			files = (
			);
			inputFileListPaths = (
			);
			inputPaths = (
				"${PODS_PODFILE_DIR_PATH}/Podfile.lock",
				"${PODS_ROOT}/Manifest.lock",
			);
			name = "[CP] Check Pods Manifest.lock";
			outputFileListPaths = (
			);
			outputPaths = (
				"$(DERIVED_FILE_DIR)/Pods-Aachen2021Tests-checkManifestLockResult.txt",
			);
			runOnlyForDeploymentPostprocessing = 0;
			shellPath = /bin/sh;
			shellScript = "diff \"${PODS_PODFILE_DIR_PATH}/Podfile.lock\" \"${PODS_ROOT}/Manifest.lock\" > /dev/null\nif [ $? != 0 ] ; then\n    # print error to STDERR\n    echo \"error: The sandbox is not in sync with the Podfile.lock. Run 'pod install' or update your CocoaPods installation.\" >&2\n    exit 1\nfi\n# This output is used by Xcode 'outputs' to avoid re-running this script phase.\necho \"SUCCESS\" > \"${SCRIPT_OUTPUT_FILE_0}\"\n";
			showEnvVarsInLog = 0;
		};
		E73B3B192C3CB1D7CE207B71 /* [CP] Check Pods Manifest.lock */ = {
			isa = PBXShellScriptBuildPhase;
			buildActionMask = 2147483647;
			files = (
			);
			inputFileListPaths = (
			);
			inputPaths = (
				"${PODS_PODFILE_DIR_PATH}/Podfile.lock",
				"${PODS_ROOT}/Manifest.lock",
			);
			name = "[CP] Check Pods Manifest.lock";
			outputFileListPaths = (
			);
			outputPaths = (
				"$(DERIVED_FILE_DIR)/Pods-Aachen2021-checkManifestLockResult.txt",
			);
			runOnlyForDeploymentPostprocessing = 0;
			shellPath = /bin/sh;
			shellScript = "diff \"${PODS_PODFILE_DIR_PATH}/Podfile.lock\" \"${PODS_ROOT}/Manifest.lock\" > /dev/null\nif [ $? != 0 ] ; then\n    # print error to STDERR\n    echo \"error: The sandbox is not in sync with the Podfile.lock. Run 'pod install' or update your CocoaPods installation.\" >&2\n    exit 1\nfi\n# This output is used by Xcode 'outputs' to avoid re-running this script phase.\necho \"SUCCESS\" > \"${SCRIPT_OUTPUT_FILE_0}\"\n";
			showEnvVarsInLog = 0;
		};
/* End PBXShellScriptBuildPhase section */

/* Begin PBXSourcesBuildPhase section */
		CCF8133D2648D26800A6869F /* Sources */ = {
			isa = PBXSourcesBuildPhase;
			buildActionMask = 2147483647;
			files = (
				CCB833DE267F87E1006E073B /* PopoverView.swift in Sources */,
				CCF813512648D26A00A6869F /* Aachen2021.xcdatamodeld in Sources */,
				CCF8134E2648D26A00A6869F /* Persistence.swift in Sources */,
				CCF813A12648E6DA00A6869F /* CryptoData_Array+CoreDataProperties.swift in Sources */,
				CC575D4226C46F7000C4493F /* ContractCompoents.swift in Sources */,
				CC575D4626C46F8000C4493F /* Wallet.swift in Sources */,
				CC575D4A26C46F9300C4493F /* ContractHelpers.swift in Sources */,
				CCF813932648E4AD00A6869F /* ColorSwitch.swift in Sources */,
				CCF813972648E54E00A6869F /* BlockView.swift in Sources */,
				CCF813862648E12100A6869F /* Blocks.swift in Sources */,
				CCF813902648E2B600A6869F /* FirstProView.swift in Sources */,
				CC575D4826C46F8800C4493F /* Networks.swift in Sources */,
				CCF8138C2648E23200A6869F /* StartView.swift in Sources */,
				CCF813A02648E6DA00A6869F /* CryptoData_Array+CoreDataClass.swift in Sources */,
				CCF8138A2648E1E100A6869F /* ImagePicker.swift in Sources */,
				CCF813472648D26800A6869F /* ContentView.swift in Sources */,
				CC633EC6264F76F9005C7AB8 /* BlockFierbaseView.swift in Sources */,
				CCF813452648D26800A6869F /* Aachen2021App.swift in Sources */,
				CCF813952648E4D400A6869F /* ColorService.swift in Sources */,
				CCF813882648E18500A6869F /* CryptoCode.swift in Sources */,
				CCF8139B2648E59700A6869F /* DataView.swift in Sources */,
				CC633E4F264B819F005C7AB8 /* ModelRepository.swift in Sources */,
				CCF813992648E57700A6869F /* PickerButtonView.swift in Sources */,
				CC633EC4264ECD69005C7AB8 /* FirebaseView.swift in Sources */,
				CC575D4426C46F7900C4493F /* ProjectContract.swift in Sources */,
				CCF8139D2648E5BE00A6869F /* SendView.swift in Sources */,
				CCF8138E2648E27E00A6869F /* Adress.swift in Sources */,
			);
			runOnlyForDeploymentPostprocessing = 0;
		};
		CCF813532648D26A00A6869F /* Sources */ = {
			isa = PBXSourcesBuildPhase;
			buildActionMask = 2147483647;
			files = (
				CCF8135C2648D26A00A6869F /* Aachen2021Tests.swift in Sources */,
			);
			runOnlyForDeploymentPostprocessing = 0;
		};
		CCF8135E2648D26A00A6869F /* Sources */ = {
			isa = PBXSourcesBuildPhase;
			buildActionMask = 2147483647;
			files = (
				CCF813672648D26A00A6869F /* Aachen2021UITests.swift in Sources */,
			);
			runOnlyForDeploymentPostprocessing = 0;
		};
/* End PBXSourcesBuildPhase section */

/* Begin PBXTargetDependency section */
		CCF813592648D26A00A6869F /* PBXTargetDependency */ = {
			isa = PBXTargetDependency;
			target = CCF813402648D26800A6869F /* Aachen2021 */;
			targetProxy = CCF813582648D26A00A6869F /* PBXContainerItemProxy */;
		};
		CCF813642648D26A00A6869F /* PBXTargetDependency */ = {
			isa = PBXTargetDependency;
			target = CCF813402648D26800A6869F /* Aachen2021 */;
			targetProxy = CCF813632648D26A00A6869F /* PBXContainerItemProxy */;
		};
/* End PBXTargetDependency section */

/* Begin XCBuildConfiguration section */
		CCF813692648D26A00A6869F /* Debug */ = {
			isa = XCBuildConfiguration;
			buildSettings = {
				ALWAYS_SEARCH_USER_PATHS = NO;
				CLANG_ANALYZER_NONNULL = YES;
				CLANG_ANALYZER_NUMBER_OBJECT_CONVERSION = YES_AGGRESSIVE;
				CLANG_CXX_LANGUAGE_STANDARD = "gnu++14";
				CLANG_CXX_LIBRARY = "libc++";
				CLANG_ENABLE_MODULES = YES;
				CLANG_ENABLE_OBJC_ARC = YES;
				CLANG_ENABLE_OBJC_WEAK = YES;
				CLANG_WARN_BLOCK_CAPTURE_AUTORELEASING = YES;
				CLANG_WARN_BOOL_CONVERSION = YES;
				CLANG_WARN_COMMA = YES;
				CLANG_WARN_CONSTANT_CONVERSION = YES;
				CLANG_WARN_DEPRECATED_OBJC_IMPLEMENTATIONS = YES;
				CLANG_WARN_DIRECT_OBJC_ISA_USAGE = YES_ERROR;
				CLANG_WARN_DOCUMENTATION_COMMENTS = YES;
				CLANG_WARN_EMPTY_BODY = YES;
				CLANG_WARN_ENUM_CONVERSION = YES;
				CLANG_WARN_INFINITE_RECURSION = YES;
				CLANG_WARN_INT_CONVERSION = YES;
				CLANG_WARN_NON_LITERAL_NULL_CONVERSION = YES;
				CLANG_WARN_OBJC_IMPLICIT_RETAIN_SELF = YES;
				CLANG_WARN_OBJC_LITERAL_CONVERSION = YES;
				CLANG_WARN_OBJC_ROOT_CLASS = YES_ERROR;
				CLANG_WARN_QUOTED_INCLUDE_IN_FRAMEWORK_HEADER = YES;
				CLANG_WARN_RANGE_LOOP_ANALYSIS = YES;
				CLANG_WARN_STRICT_PROTOTYPES = YES;
				CLANG_WARN_SUSPICIOUS_MOVE = YES;
				CLANG_WARN_UNGUARDED_AVAILABILITY = YES_AGGRESSIVE;
				CLANG_WARN_UNREACHABLE_CODE = YES;
				CLANG_WARN__DUPLICATE_METHOD_MATCH = YES;
				COPY_PHASE_STRIP = NO;
				DEBUG_INFORMATION_FORMAT = dwarf;
				ENABLE_STRICT_OBJC_MSGSEND = YES;
				ENABLE_TESTABILITY = YES;
				GCC_C_LANGUAGE_STANDARD = gnu11;
				GCC_DYNAMIC_NO_PIC = NO;
				GCC_NO_COMMON_BLOCKS = YES;
				GCC_OPTIMIZATION_LEVEL = 0;
				GCC_PREPROCESSOR_DEFINITIONS = (
					"DEBUG=1",
					"$(inherited)",
				);
				GCC_WARN_64_TO_32_BIT_CONVERSION = YES;
				GCC_WARN_ABOUT_RETURN_TYPE = YES_ERROR;
				GCC_WARN_UNDECLARED_SELECTOR = YES;
				GCC_WARN_UNINITIALIZED_AUTOS = YES_AGGRESSIVE;
				GCC_WARN_UNUSED_FUNCTION = YES;
				GCC_WARN_UNUSED_VARIABLE = YES;
				IPHONEOS_DEPLOYMENT_TARGET = 14.5;
				MTL_ENABLE_DEBUG_INFO = INCLUDE_SOURCE;
				MTL_FAST_MATH = YES;
				ONLY_ACTIVE_ARCH = YES;
				SDKROOT = iphoneos;
				SWIFT_ACTIVE_COMPILATION_CONDITIONS = DEBUG;
				SWIFT_OPTIMIZATION_LEVEL = "-Onone";
			};
			name = Debug;
		};
		CCF8136A2648D26A00A6869F /* Release */ = {
			isa = XCBuildConfiguration;
			buildSettings = {
				ALWAYS_SEARCH_USER_PATHS = NO;
				CLANG_ANALYZER_NONNULL = YES;
				CLANG_ANALYZER_NUMBER_OBJECT_CONVERSION = YES_AGGRESSIVE;
				CLANG_CXX_LANGUAGE_STANDARD = "gnu++14";
				CLANG_CXX_LIBRARY = "libc++";
				CLANG_ENABLE_MODULES = YES;
				CLANG_ENABLE_OBJC_ARC = YES;
				CLANG_ENABLE_OBJC_WEAK = YES;
				CLANG_WARN_BLOCK_CAPTURE_AUTORELEASING = YES;
				CLANG_WARN_BOOL_CONVERSION = YES;
				CLANG_WARN_COMMA = YES;
				CLANG_WARN_CONSTANT_CONVERSION = YES;
				CLANG_WARN_DEPRECATED_OBJC_IMPLEMENTATIONS = YES;
				CLANG_WARN_DIRECT_OBJC_ISA_USAGE = YES_ERROR;
				CLANG_WARN_DOCUMENTATION_COMMENTS = YES;
				CLANG_WARN_EMPTY_BODY = YES;
				CLANG_WARN_ENUM_CONVERSION = YES;
				CLANG_WARN_INFINITE_RECURSION = YES;
				CLANG_WARN_INT_CONVERSION = YES;
				CLANG_WARN_NON_LITERAL_NULL_CONVERSION = YES;
				CLANG_WARN_OBJC_IMPLICIT_RETAIN_SELF = YES;
				CLANG_WARN_OBJC_LITERAL_CONVERSION = YES;
				CLANG_WARN_OBJC_ROOT_CLASS = YES_ERROR;
				CLANG_WARN_QUOTED_INCLUDE_IN_FRAMEWORK_HEADER = YES;
				CLANG_WARN_RANGE_LOOP_ANALYSIS = YES;
				CLANG_WARN_STRICT_PROTOTYPES = YES;
				CLANG_WARN_SUSPICIOUS_MOVE = YES;
				CLANG_WARN_UNGUARDED_AVAILABILITY = YES_AGGRESSIVE;
				CLANG_WARN_UNREACHABLE_CODE = YES;
				CLANG_WARN__DUPLICATE_METHOD_MATCH = YES;
				COPY_PHASE_STRIP = NO;
				DEBUG_INFORMATION_FORMAT = "dwarf-with-dsym";
				ENABLE_NS_ASSERTIONS = NO;
				ENABLE_STRICT_OBJC_MSGSEND = YES;
				GCC_C_LANGUAGE_STANDARD = gnu11;
				GCC_NO_COMMON_BLOCKS = YES;
				GCC_WARN_64_TO_32_BIT_CONVERSION = YES;
				GCC_WARN_ABOUT_RETURN_TYPE = YES_ERROR;
				GCC_WARN_UNDECLARED_SELECTOR = YES;
				GCC_WARN_UNINITIALIZED_AUTOS = YES_AGGRESSIVE;
				GCC_WARN_UNUSED_FUNCTION = YES;
				GCC_WARN_UNUSED_VARIABLE = YES;
				IPHONEOS_DEPLOYMENT_TARGET = 14.5;
				MTL_ENABLE_DEBUG_INFO = NO;
				MTL_FAST_MATH = YES;
				SDKROOT = iphoneos;
				SWIFT_COMPILATION_MODE = wholemodule;
				SWIFT_OPTIMIZATION_LEVEL = "-O";
				VALIDATE_PRODUCT = YES;
			};
			name = Release;
		};
		CCF8136C2648D26A00A6869F /* Debug */ = {
			isa = XCBuildConfiguration;
			baseConfigurationReference = 4F79FD4E273C14AAAEAD53F1 /* Pods-Aachen2021.debug.xcconfig */;
			buildSettings = {
				ASSETCATALOG_COMPILER_APPICON_NAME = AppIcon;
				ASSETCATALOG_COMPILER_GLOBAL_ACCENT_COLOR_NAME = AccentColor;
				CODE_SIGN_ENTITLEMENTS = Aachen2021/Aachen2021.entitlements;
				CODE_SIGN_STYLE = Automatic;
				DEVELOPMENT_ASSET_PATHS = "\"Aachen2021/Preview Content\"";
				DEVELOPMENT_TEAM = 2FYTR3E5Q9;
				ENABLE_PREVIEWS = YES;
				INFOPLIST_FILE = Aachen2021/Info.plist;
				IPHONEOS_DEPLOYMENT_TARGET = 14.0;
				LD_RUNPATH_SEARCH_PATHS = (
					"$(inherited)",
					"@executable_path/Frameworks",
				);
				PRODUCT_BUNDLE_IDENTIFIER = com.ivandosev.Aachen2021;
				PRODUCT_NAME = "$(TARGET_NAME)";
				SWIFT_VERSION = 5.0;
				TARGETED_DEVICE_FAMILY = "1,2";
			};
			name = Debug;
		};
		CCF8136D2648D26A00A6869F /* Release */ = {
			isa = XCBuildConfiguration;
			baseConfigurationReference = 0C71303936B534E0B8A54C54 /* Pods-Aachen2021.release.xcconfig */;
			buildSettings = {
				ASSETCATALOG_COMPILER_APPICON_NAME = AppIcon;
				ASSETCATALOG_COMPILER_GLOBAL_ACCENT_COLOR_NAME = AccentColor;
				CODE_SIGN_ENTITLEMENTS = Aachen2021/Aachen2021.entitlements;
				CODE_SIGN_STYLE = Automatic;
				DEVELOPMENT_ASSET_PATHS = "\"Aachen2021/Preview Content\"";
				DEVELOPMENT_TEAM = 2FYTR3E5Q9;
				ENABLE_PREVIEWS = YES;
				INFOPLIST_FILE = Aachen2021/Info.plist;
				IPHONEOS_DEPLOYMENT_TARGET = 14.0;
				LD_RUNPATH_SEARCH_PATHS = (
					"$(inherited)",
					"@executable_path/Frameworks",
				);
				PRODUCT_BUNDLE_IDENTIFIER = com.ivandosev.Aachen2021;
				PRODUCT_NAME = "$(TARGET_NAME)";
				SWIFT_VERSION = 5.0;
				TARGETED_DEVICE_FAMILY = "1,2";
			};
			name = Release;
		};
		CCF8136F2648D26A00A6869F /* Debug */ = {
			isa = XCBuildConfiguration;
			baseConfigurationReference = CA8B78F9899C1836E97E6077 /* Pods-Aachen2021Tests.debug.xcconfig */;
			buildSettings = {
				ALWAYS_EMBED_SWIFT_STANDARD_LIBRARIES = YES;
				BUNDLE_LOADER = "$(TEST_HOST)";
				CODE_SIGN_STYLE = Automatic;
				DEVELOPMENT_TEAM = 2FYTR3E5Q9;
				INFOPLIST_FILE = Aachen2021Tests/Info.plist;
				IPHONEOS_DEPLOYMENT_TARGET = 14.0;
				LD_RUNPATH_SEARCH_PATHS = (
					"$(inherited)",
					"@executable_path/Frameworks",
					"@loader_path/Frameworks",
				);
				PRODUCT_BUNDLE_IDENTIFIER = com.ivandosev.Aachen2021Tests;
				PRODUCT_NAME = "$(TARGET_NAME)";
				SWIFT_VERSION = 5.0;
				TARGETED_DEVICE_FAMILY = "1,2";
				TEST_HOST = "$(BUILT_PRODUCTS_DIR)/Aachen2021.app/Aachen2021";
			};
			name = Debug;
		};
		CCF813702648D26A00A6869F /* Release */ = {
			isa = XCBuildConfiguration;
			baseConfigurationReference = FD75352A348CD7A944A1B32F /* Pods-Aachen2021Tests.release.xcconfig */;
			buildSettings = {
				ALWAYS_EMBED_SWIFT_STANDARD_LIBRARIES = YES;
				BUNDLE_LOADER = "$(TEST_HOST)";
				CODE_SIGN_STYLE = Automatic;
				DEVELOPMENT_TEAM = 2FYTR3E5Q9;
				INFOPLIST_FILE = Aachen2021Tests/Info.plist;
				IPHONEOS_DEPLOYMENT_TARGET = 14.0;
				LD_RUNPATH_SEARCH_PATHS = (
					"$(inherited)",
					"@executable_path/Frameworks",
					"@loader_path/Frameworks",
				);
				PRODUCT_BUNDLE_IDENTIFIER = com.ivandosev.Aachen2021Tests;
				PRODUCT_NAME = "$(TARGET_NAME)";
				SWIFT_VERSION = 5.0;
				TARGETED_DEVICE_FAMILY = "1,2";
				TEST_HOST = "$(BUILT_PRODUCTS_DIR)/Aachen2021.app/Aachen2021";
			};
			name = Release;
		};
		CCF813722648D26A00A6869F /* Debug */ = {
			isa = XCBuildConfiguration;
			baseConfigurationReference = 79AAAB0D443124D90CF8F894 /* Pods-Aachen2021-Aachen2021UITests.debug.xcconfig */;
			buildSettings = {
				ALWAYS_EMBED_SWIFT_STANDARD_LIBRARIES = YES;
				CODE_SIGN_STYLE = Automatic;
				DEVELOPMENT_TEAM = 2FYTR3E5Q9;
				INFOPLIST_FILE = Aachen2021UITests/Info.plist;
				LD_RUNPATH_SEARCH_PATHS = (
					"$(inherited)",
					"@executable_path/Frameworks",
					"@loader_path/Frameworks",
				);
				PRODUCT_BUNDLE_IDENTIFIER = com.ivandosev.Aachen2021UITests;
				PRODUCT_NAME = "$(TARGET_NAME)";
				SWIFT_VERSION = 5.0;
				TARGETED_DEVICE_FAMILY = "1,2";
				TEST_TARGET_NAME = Aachen2021;
			};
			name = Debug;
		};
		CCF813732648D26A00A6869F /* Release */ = {
			isa = XCBuildConfiguration;
			baseConfigurationReference = 479852380AE9035518617B9B /* Pods-Aachen2021-Aachen2021UITests.release.xcconfig */;
			buildSettings = {
				ALWAYS_EMBED_SWIFT_STANDARD_LIBRARIES = YES;
				CODE_SIGN_STYLE = Automatic;
				DEVELOPMENT_TEAM = 2FYTR3E5Q9;
				INFOPLIST_FILE = Aachen2021UITests/Info.plist;
				LD_RUNPATH_SEARCH_PATHS = (
					"$(inherited)",
					"@executable_path/Frameworks",
					"@loader_path/Frameworks",
				);
				PRODUCT_BUNDLE_IDENTIFIER = com.ivandosev.Aachen2021UITests;
				PRODUCT_NAME = "$(TARGET_NAME)";
				SWIFT_VERSION = 5.0;
				TARGETED_DEVICE_FAMILY = "1,2";
				TEST_TARGET_NAME = Aachen2021;
			};
			name = Release;
		};
/* End XCBuildConfiguration section */

/* Begin XCConfigurationList section */
		CCF8133C2648D26800A6869F /* Build configuration list for PBXProject "Aachen2021" */ = {
			isa = XCConfigurationList;
			buildConfigurations = (
				CCF813692648D26A00A6869F /* Debug */,
				CCF8136A2648D26A00A6869F /* Release */,
			);
			defaultConfigurationIsVisible = 0;
			defaultConfigurationName = Release;
		};
		CCF8136B2648D26A00A6869F /* Build configuration list for PBXNativeTarget "Aachen2021" */ = {
			isa = XCConfigurationList;
			buildConfigurations = (
				CCF8136C2648D26A00A6869F /* Debug */,
				CCF8136D2648D26A00A6869F /* Release */,
			);
			defaultConfigurationIsVisible = 0;
			defaultConfigurationName = Release;
		};
		CCF8136E2648D26A00A6869F /* Build configuration list for PBXNativeTarget "Aachen2021Tests" */ = {
			isa = XCConfigurationList;
			buildConfigurations = (
				CCF8136F2648D26A00A6869F /* Debug */,
				CCF813702648D26A00A6869F /* Release */,
			);
			defaultConfigurationIsVisible = 0;
			defaultConfigurationName = Release;
		};
		CCF813712648D26A00A6869F /* Build configuration list for PBXNativeTarget "Aachen2021UITests" */ = {
			isa = XCConfigurationList;
			buildConfigurations = (
				CCF813722648D26A00A6869F /* Debug */,
				CCF813732648D26A00A6869F /* Release */,
			);
			defaultConfigurationIsVisible = 0;
			defaultConfigurationName = Release;
		};
/* End XCConfigurationList section */

/* Begin XCRemoteSwiftPackageReference section */
		CC575D3D26C46EE800C4493F /* XCRemoteSwiftPackageReference "PromiseKit" */ = {
			isa = XCRemoteSwiftPackageReference;
			repositoryURL = "https://github.com/mxcl/PromiseKit";
			requirement = {
				kind = upToNextMajorVersion;
				minimumVersion = 6.15.3;
			};
		};
		CCF813772648D74F00A6869F /* XCRemoteSwiftPackageReference "firebase-ios-sdk" */ = {
			isa = XCRemoteSwiftPackageReference;
			repositoryURL = "https://github.com/firebase/firebase-ios-sdk.git";
			requirement = {
				kind = upToNextMajorVersion;
				minimumVersion = 7.11.1;
			};
		};
/* End XCRemoteSwiftPackageReference section */

/* Begin XCSwiftPackageProductDependency section */
		CC575D3E26C46EE800C4493F /* PromiseKit */ = {
			isa = XCSwiftPackageProductDependency;
			package = CC575D3D26C46EE800C4493F /* XCRemoteSwiftPackageReference "PromiseKit" */;
			productName = PromiseKit;
		};
		CCF813782648D74F00A6869F /* FirebaseFirestoreSwift-Beta */ = {
			isa = XCSwiftPackageProductDependency;
			package = CCF813772648D74F00A6869F /* XCRemoteSwiftPackageReference "firebase-ios-sdk" */;
			productName = "FirebaseFirestoreSwift-Beta";
		};
		CCF8137A2648D74F00A6869F /* FirebaseStorage */ = {
			isa = XCSwiftPackageProductDependency;
			package = CCF813772648D74F00A6869F /* XCRemoteSwiftPackageReference "firebase-ios-sdk" */;
			productName = FirebaseStorage;
		};
		CCF8137C2648D74F00A6869F /* FirebaseAuth */ = {
			isa = XCSwiftPackageProductDependency;
			package = CCF813772648D74F00A6869F /* XCRemoteSwiftPackageReference "firebase-ios-sdk" */;
			productName = FirebaseAuth;
		};
		CCF8137E2648D74F00A6869F /* FirebaseFirestore */ = {
			isa = XCSwiftPackageProductDependency;
			package = CCF813772648D74F00A6869F /* XCRemoteSwiftPackageReference "firebase-ios-sdk" */;
			productName = FirebaseFirestore;
		};
		CCF813802648D74F00A6869F /* FirebaseStorageSwift-Beta */ = {
			isa = XCSwiftPackageProductDependency;
			package = CCF813772648D74F00A6869F /* XCRemoteSwiftPackageReference "firebase-ios-sdk" */;
			productName = "FirebaseStorageSwift-Beta";
		};
/* End XCSwiftPackageProductDependency section */

/* Begin XCVersionGroup section */
		CCF8134F2648D26A00A6869F /* Aachen2021.xcdatamodeld */ = {
			isa = XCVersionGroup;
			children = (
				CCF813502648D26A00A6869F /* Aachen2021.xcdatamodel */,
			);
			currentVersion = CCF813502648D26A00A6869F /* Aachen2021.xcdatamodel */;
			path = Aachen2021.xcdatamodeld;
			sourceTree = "<group>";
			versionGroupType = wrapper.xcdatamodel;
		};
/* End XCVersionGroup section */
	};
	rootObject = CCF813392648D26800A6869F /* Project object */;
}
